// !$*UTF8*$!
{
	archiveVersion = 1;
	classes = {
	};
	objectVersion = 50;
	objects = {

/* Begin PBXBuildFile section */
		2D44912993E599D81563FDDA /* libPods-ISGHttpClient.a in Frameworks */ = {isa = PBXBuildFile; fileRef = B74EFE0176CF3D83D9BABE45 /* libPods-ISGHttpClient.a */; };
		6AE53DF820AEA2BB00075DC6 /* AppDelegate.m in Sources */ = {isa = PBXBuildFile; fileRef = 6AE53DF720AEA2BB00075DC6 /* AppDelegate.m */; };
		6AE53DFB20AEA2BB00075DC6 /* ViewController.m in Sources */ = {isa = PBXBuildFile; fileRef = 6AE53DFA20AEA2BB00075DC6 /* ViewController.m */; };
		6AE53DFE20AEA2BB00075DC6 /* Main.storyboard in Resources */ = {isa = PBXBuildFile; fileRef = 6AE53DFC20AEA2BB00075DC6 /* Main.storyboard */; };
		6AE53E0020AEA2BD00075DC6 /* Assets.xcassets in Resources */ = {isa = PBXBuildFile; fileRef = 6AE53DFF20AEA2BD00075DC6 /* Assets.xcassets */; };
		6AE53E0320AEA2BD00075DC6 /* LaunchScreen.storyboard in Resources */ = {isa = PBXBuildFile; fileRef = 6AE53E0120AEA2BD00075DC6 /* LaunchScreen.storyboard */; };
		6AE53E0620AEA2BD00075DC6 /* main.m in Sources */ = {isa = PBXBuildFile; fileRef = 6AE53E0520AEA2BD00075DC6 /* main.m */; };
		6AE53E0F20AEABCB00075DC6 /* ISGHttpClient.m in Sources */ = {isa = PBXBuildFile; fileRef = 6AE53E0E20AEABCB00075DC6 /* ISGHttpClient.m */; };
		6AE53E1220AED36000075DC6 /* ISGNetworkCache.m in Sources */ = {isa = PBXBuildFile; fileRef = 6AE53E1120AED36000075DC6 /* ISGNetworkCache.m */; };
/* End PBXBuildFile section */

/* Begin PBXFileReference section */
		49A74CC7577DE2B3D65D55F3 /* Pods-ISGHttpClient.debug.xcconfig */ = {isa = PBXFileReference; includeInIndex = 1; lastKnownFileType = text.xcconfig; name = "Pods-ISGHttpClient.debug.xcconfig"; path = "Pods/Target Support Files/Pods-ISGHttpClient/Pods-ISGHttpClient.debug.xcconfig"; sourceTree = "<group>"; };
		6AAA7CAD20B3B256000CE03B /* ISGTypedefClass.h */ = {isa = PBXFileReference; lastKnownFileType = sourcecode.c.h; path = ISGTypedefClass.h; sourceTree = "<group>"; };
		6AAA7CAE20B40039000CE03B /* ISGNetworkConfig.h */ = {isa = PBXFileReference; lastKnownFileType = sourcecode.c.h; path = ISGNetworkConfig.h; sourceTree = "<group>"; };
		6AE53DF320AEA2BB00075DC6 /* ISGHttpClient.app */ = {isa = PBXFileReference; explicitFileType = wrapper.application; includeInIndex = 0; path = ISGHttpClient.app; sourceTree = BUILT_PRODUCTS_DIR; };
		6AE53DF620AEA2BB00075DC6 /* AppDelegate.h */ = {isa = PBXFileReference; lastKnownFileType = sourcecode.c.h; path = AppDelegate.h; sourceTree = "<group>"; };
		6AE53DF720AEA2BB00075DC6 /* AppDelegate.m */ = {isa = PBXFileReference; lastKnownFileType = sourcecode.c.objc; path = AppDelegate.m; sourceTree = "<group>"; };
		6AE53DF920AEA2BB00075DC6 /* ViewController.h */ = {isa = PBXFileReference; lastKnownFileType = sourcecode.c.h; path = ViewController.h; sourceTree = "<group>"; };
		6AE53DFA20AEA2BB00075DC6 /* ViewController.m */ = {isa = PBXFileReference; lastKnownFileType = sourcecode.c.objc; path = ViewController.m; sourceTree = "<group>"; };
		6AE53DFD20AEA2BB00075DC6 /* Base */ = {isa = PBXFileReference; lastKnownFileType = file.storyboard; name = Base; path = Base.lproj/Main.storyboard; sourceTree = "<group>"; };
		6AE53DFF20AEA2BD00075DC6 /* Assets.xcassets */ = {isa = PBXFileReference; lastKnownFileType = folder.assetcatalog; path = Assets.xcassets; sourceTree = "<group>"; };
		6AE53E0220AEA2BD00075DC6 /* Base */ = {isa = PBXFileReference; lastKnownFileType = file.storyboard; name = Base; path = Base.lproj/LaunchScreen.storyboard; sourceTree = "<group>"; };
		6AE53E0420AEA2BD00075DC6 /* Info.plist */ = {isa = PBXFileReference; lastKnownFileType = text.plist.xml; path = Info.plist; sourceTree = "<group>"; };
		6AE53E0520AEA2BD00075DC6 /* main.m */ = {isa = PBXFileReference; lastKnownFileType = sourcecode.c.objc; path = main.m; sourceTree = "<group>"; };
		6AE53E0D20AEABCB00075DC6 /* ISGHttpClient.h */ = {isa = PBXFileReference; lastKnownFileType = sourcecode.c.h; path = ISGHttpClient.h; sourceTree = "<group>"; };
		6AE53E0E20AEABCB00075DC6 /* ISGHttpClient.m */ = {isa = PBXFileReference; lastKnownFileType = sourcecode.c.objc; path = ISGHttpClient.m; sourceTree = "<group>"; };
		6AE53E1020AED36000075DC6 /* ISGNetworkCache.h */ = {isa = PBXFileReference; lastKnownFileType = sourcecode.c.h; path = ISGNetworkCache.h; sourceTree = "<group>"; };
		6AE53E1120AED36000075DC6 /* ISGNetworkCache.m */ = {isa = PBXFileReference; lastKnownFileType = sourcecode.c.objc; path = ISGNetworkCache.m; sourceTree = "<group>"; };
		90D5B02DD7583E02777B4400 /* Pods-ISGHttpClient.release.xcconfig */ = {isa = PBXFileReference; includeInIndex = 1; lastKnownFileType = text.xcconfig; name = "Pods-ISGHttpClient.release.xcconfig"; path = "Pods/Target Support Files/Pods-ISGHttpClient/Pods-ISGHttpClient.release.xcconfig"; sourceTree = "<group>"; };
		B74EFE0176CF3D83D9BABE45 /* libPods-ISGHttpClient.a */ = {isa = PBXFileReference; explicitFileType = archive.ar; includeInIndex = 0; path = "libPods-ISGHttpClient.a"; sourceTree = BUILT_PRODUCTS_DIR; };
/* End PBXFileReference section */

/* Begin PBXFrameworksBuildPhase section */
		6AE53DF020AEA2BB00075DC6 /* Frameworks */ = {
			isa = PBXFrameworksBuildPhase;
			buildActionMask = 2147483647;
			files = (
				2D44912993E599D81563FDDA /* libPods-ISGHttpClient.a in Frameworks */,
			);
			runOnlyForDeploymentPostprocessing = 0;
		};
/* End PBXFrameworksBuildPhase section */

/* Begin PBXGroup section */
		0093DCEBC83F68ABB22A66D8 /* Pods */ = {
			isa = PBXGroup;
			children = (
				49A74CC7577DE2B3D65D55F3 /* Pods-ISGHttpClient.debug.xcconfig */,
				90D5B02DD7583E02777B4400 /* Pods-ISGHttpClient.release.xcconfig */,
			);
			name = Pods;
			sourceTree = "<group>";
		};
		6AE53DEA20AEA2BB00075DC6 = {
			isa = PBXGroup;
			children = (
				6AE53DF520AEA2BB00075DC6 /* ISGHttpClient */,
				6AE53DF420AEA2BB00075DC6 /* Products */,
				0093DCEBC83F68ABB22A66D8 /* Pods */,
				FCC361E02D5CCE04D54BA480 /* Frameworks */,
			);
			sourceTree = "<group>";
		};
		6AE53DF420AEA2BB00075DC6 /* Products */ = {
			isa = PBXGroup;
			children = (
				6AE53DF320AEA2BB00075DC6 /* ISGHttpClient.app */,
			);
			name = Products;
			sourceTree = "<group>";
		};
		6AE53DF520AEA2BB00075DC6 /* ISGHttpClient */ = {
			isa = PBXGroup;
			children = (
				6AE53E0C20AEAAF500075DC6 /* ISGHttpClient */,
				6AE53DF620AEA2BB00075DC6 /* AppDelegate.h */,
				6AE53DF720AEA2BB00075DC6 /* AppDelegate.m */,
				6AE53DF920AEA2BB00075DC6 /* ViewController.h */,
				6AE53DFA20AEA2BB00075DC6 /* ViewController.m */,
				6AE53DFC20AEA2BB00075DC6 /* Main.storyboard */,
				6AE53DFF20AEA2BD00075DC6 /* Assets.xcassets */,
				6AE53E0120AEA2BD00075DC6 /* LaunchScreen.storyboard */,
				6AE53E0420AEA2BD00075DC6 /* Info.plist */,
				6AE53E0520AEA2BD00075DC6 /* main.m */,
			);
			path = ISGHttpClient;
			sourceTree = "<group>";
		};
		6AE53E0C20AEAAF500075DC6 /* ISGHttpClient */ = {
			isa = PBXGroup;
			children = (
				6AE53E0D20AEABCB00075DC6 /* ISGHttpClient.h */,
				6AE53E0E20AEABCB00075DC6 /* ISGHttpClient.m */,
				6AE53E1020AED36000075DC6 /* ISGNetworkCache.h */,
				6AE53E1120AED36000075DC6 /* ISGNetworkCache.m */,
				6AAA7CAD20B3B256000CE03B /* ISGTypedefClass.h */,
				6AAA7CAE20B40039000CE03B /* ISGNetworkConfig.h */,
			);
			name = ISGHttpClient;
			path = ../../ISGHttpClient;
			sourceTree = "<group>";
		};
		FCC361E02D5CCE04D54BA480 /* Frameworks */ = {
			isa = PBXGroup;
			children = (
				B74EFE0176CF3D83D9BABE45 /* libPods-ISGHttpClient.a */,
			);
			name = Frameworks;
			sourceTree = "<group>";
		};
/* End PBXGroup section */

/* Begin PBXNativeTarget section */
		6AE53DF220AEA2BB00075DC6 /* ISGHttpClient */ = {
			isa = PBXNativeTarget;
			buildConfigurationList = 6AE53E0920AEA2BD00075DC6 /* Build configuration list for PBXNativeTarget "ISGHttpClient" */;
			buildPhases = (
				7E7FCD24953855B5420F1419 /* [CP] Check Pods Manifest.lock */,
				6AE53DEF20AEA2BB00075DC6 /* Sources */,
				6AE53DF020AEA2BB00075DC6 /* Frameworks */,
				6AE53DF120AEA2BB00075DC6 /* Resources */,
			);
			buildRules = (
			);
			dependencies = (
			);
			name = ISGHttpClient;
			productName = ISGHttpClient;
			productReference = 6AE53DF320AEA2BB00075DC6 /* ISGHttpClient.app */;
			productType = "com.apple.product-type.application";
		};
/* End PBXNativeTarget section */

/* Begin PBXProject section */
		6AE53DEB20AEA2BB00075DC6 /* Project object */ = {
			isa = PBXProject;
			attributes = {
				LastUpgradeCheck = 0930;
				ORGANIZATIONNAME = Isaac;
				TargetAttributes = {
					6AE53DF220AEA2BB00075DC6 = {
						CreatedOnToolsVersion = 9.3.1;
					};
				};
			};
			buildConfigurationList = 6AE53DEE20AEA2BB00075DC6 /* Build configuration list for PBXProject "ISGHttpClient" */;
			compatibilityVersion = "Xcode 9.3";
			developmentRegion = en;
			hasScannedForEncodings = 0;
			knownRegions = (
				en,
				Base,
			);
			mainGroup = 6AE53DEA20AEA2BB00075DC6;
			productRefGroup = 6AE53DF420AEA2BB00075DC6 /* Products */;
			projectDirPath = "";
			projectRoot = "";
			targets = (
				6AE53DF220AEA2BB00075DC6 /* ISGHttpClient */,
			);
		};
/* End PBXProject section */

/* Begin PBXResourcesBuildPhase section */
		6AE53DF120AEA2BB00075DC6 /* Resources */ = {
			isa = PBXResourcesBuildPhase;
			buildActionMask = 2147483647;
			files = (
				6AE53E0320AEA2BD00075DC6 /* LaunchScreen.storyboard in Resources */,
				6AE53E0020AEA2BD00075DC6 /* Assets.xcassets in Resources */,
				6AE53DFE20AEA2BB00075DC6 /* Main.storyboard in Resources */,
			);
			runOnlyForDeploymentPostprocessing = 0;
		};
/* End PBXResourcesBuildPhase section */

/* Begin PBXShellScriptBuildPhase section */
		7E7FCD24953855B5420F1419 /* [CP] Check Pods Manifest.lock */ = {
			isa = PBXShellScriptBuildPhase;
			buildActionMask = 2147483647;
			files = (
			);
			inputPaths = (
				"${PODS_PODFILE_DIR_PATH}/Podfile.lock",
				"${PODS_ROOT}/Manifest.lock",
			);
			name = "[CP] Check Pods Manifest.lock";
			outputPaths = (
				"$(DERIVED_FILE_DIR)/Pods-ISGHttpClient-checkManifestLockResult.txt",
			);
			runOnlyForDeploymentPostprocessing = 0;
			shellPath = /bin/sh;
			shellScript = "diff \"${PODS_PODFILE_DIR_PATH}/Podfile.lock\" \"${PODS_ROOT}/Manifest.lock\" > /dev/null\nif [ $? != 0 ] ; then\n    # print error to STDERR\n    echo \"error: The sandbox is not in sync with the Podfile.lock. Run 'pod install' or update your CocoaPods installation.\" >&2\n    exit 1\nfi\n# This output is used by Xcode 'outputs' to avoid re-running this script phase.\necho \"SUCCESS\" > \"${SCRIPT_OUTPUT_FILE_0}\"\n";
			showEnvVarsInLog = 0;
		};
/* End PBXShellScriptBuildPhase section */

/* Begin PBXSourcesBuildPhase section */
		6AE53DEF20AEA2BB00075DC6 /* Sources */ = {
			isa = PBXSourcesBuildPhase;
			buildActionMask = 2147483647;
			files = (
				6AE53E0F20AEABCB00075DC6 /* ISGHttpClient.m in Sources */,
				6AE53E1220AED36000075DC6 /* ISGNetworkCache.m in Sources */,
				6AE53DFB20AEA2BB00075DC6 /* ViewController.m in Sources */,
				6AE53E0620AEA2BD00075DC6 /* main.m in Sources */,
				6AE53DF820AEA2BB00075DC6 /* AppDelegate.m in Sources */,
			);
			runOnlyForDeploymentPostprocessing = 0;
		};
/* End PBXSourcesBuildPhase section */

/* Begin PBXVariantGroup section */
		6AE53DFC20AEA2BB00075DC6 /* Main.storyboard */ = {
			isa = PBXVariantGroup;
			children = (
				6AE53DFD20AEA2BB00075DC6 /* Base */,
			);
			name = Main.storyboard;
			sourceTree = "<group>";
		};
		6AE53E0120AEA2BD00075DC6 /* LaunchScreen.storyboard */ = {
			isa = PBXVariantGroup;
			children = (
				6AE53E0220AEA2BD00075DC6 /* Base */,
			);
			name = LaunchScreen.storyboard;
			sourceTree = "<group>";
		};
/* End PBXVariantGroup section */

/* Begin XCBuildConfiguration section */
		6AE53E0720AEA2BD00075DC6 /* Debug */ = {
			isa = XCBuildConfiguration;
			buildSettings = {
				ALWAYS_SEARCH_USER_PATHS = NO;
				CLANG_ANALYZER_NONNULL = YES;
				CLANG_ANALYZER_NUMBER_OBJECT_CONVERSION = YES_AGGRESSIVE;
				CLANG_CXX_LANGUAGE_STANDARD = "gnu++14";
				CLANG_CXX_LIBRARY = "libc++";
				CLANG_ENABLE_MODULES = YES;
				CLANG_ENABLE_OBJC_ARC = YES;
				CLANG_ENABLE_OBJC_WEAK = YES;
				CLANG_WARN_BLOCK_CAPTURE_AUTORELEASING = YES;
				CLANG_WARN_BOOL_CONVERSION = YES;
				CLANG_WARN_COMMA = YES;
				CLANG_WARN_CONSTANT_CONVERSION = YES;
				CLANG_WARN_DEPRECATED_OBJC_IMPLEMENTATIONS = YES;
				CLANG_WARN_DIRECT_OBJC_ISA_USAGE = YES_ERROR;
				CLANG_WARN_DOCUMENTATION_COMMENTS = YES;
				CLANG_WARN_EMPTY_BODY = YES;
				CLANG_WARN_ENUM_CONVERSION = YES;
				CLANG_WARN_INFINITE_RECURSION = YES;
				CLANG_WARN_INT_CONVERSION = YES;
				CLANG_WARN_NON_LITERAL_NULL_CONVERSION = YES;
				CLANG_WARN_OBJC_IMPLICIT_RETAIN_SELF = YES;
				CLANG_WARN_OBJC_LITERAL_CONVERSION = YES;
				CLANG_WARN_OBJC_ROOT_CLASS = YES_ERROR;
				CLANG_WARN_RANGE_LOOP_ANALYSIS = YES;
				CLANG_WARN_STRICT_PROTOTYPES = YES;
				CLANG_WARN_SUSPICIOUS_MOVE = YES;
				CLANG_WARN_UNGUARDED_AVAILABILITY = YES_AGGRESSIVE;
				CLANG_WARN_UNREACHABLE_CODE = YES;
				CLANG_WARN__DUPLICATE_METHOD_MATCH = YES;
				CODE_SIGN_IDENTITY = "iPhone Developer";
				COPY_PHASE_STRIP = NO;
				DEBUG_INFORMATION_FORMAT = dwarf;
				ENABLE_STRICT_OBJC_MSGSEND = YES;
				ENABLE_TESTABILITY = YES;
				GCC_C_LANGUAGE_STANDARD = gnu11;
				GCC_DYNAMIC_NO_PIC = NO;
				GCC_NO_COMMON_BLOCKS = YES;
				GCC_OPTIMIZATION_LEVEL = 0;
				GCC_PREPROCESSOR_DEFINITIONS = (
					"DEBUG=1",
					"$(inherited)",
				);
				GCC_WARN_64_TO_32_BIT_CONVERSION = YES;
				GCC_WARN_ABOUT_RETURN_TYPE = YES_ERROR;
				GCC_WARN_UNDECLARED_SELECTOR = YES;
				GCC_WARN_UNINITIALIZED_AUTOS = YES_AGGRESSIVE;
				GCC_WARN_UNUSED_FUNCTION = YES;
				GCC_WARN_UNUSED_VARIABLE = YES;
				IPHONEOS_DEPLOYMENT_TARGET = 11.3;
				MTL_ENABLE_DEBUG_INFO = YES;
				ONLY_ACTIVE_ARCH = YES;
				SDKROOT = iphoneos;
			};
			name = Debug;
		};
		6AE53E0820AEA2BD00075DC6 /* Release */ = {
			isa = XCBuildConfiguration;
			buildSettings = {
				ALWAYS_SEARCH_USER_PATHS = NO;
				CLANG_ANALYZER_NONNULL = YES;
				CLANG_ANALYZER_NUMBER_OBJECT_CONVERSION = YES_AGGRESSIVE;
				CLANG_CXX_LANGUAGE_STANDARD = "gnu++14";
				CLANG_CXX_LIBRARY = "libc++";
				CLANG_ENABLE_MODULES = YES;
				CLANG_ENABLE_OBJC_ARC = YES;
				CLANG_ENABLE_OBJC_WEAK = YES;
				CLANG_WARN_BLOCK_CAPTURE_AUTORELEASING = YES;
				CLANG_WARN_BOOL_CONVERSION = YES;
				CLANG_WARN_COMMA = YES;
				CLANG_WARN_CONSTANT_CONVERSION = YES;
				CLANG_WARN_DEPRECATED_OBJC_IMPLEMENTATIONS = YES;
				CLANG_WARN_DIRECT_OBJC_ISA_USAGE = YES_ERROR;
				CLANG_WARN_DOCUMENTATION_COMMENTS = YES;
				CLANG_WARN_EMPTY_BODY = YES;
				CLANG_WARN_ENUM_CONVERSION = YES;
				CLANG_WARN_INFINITE_RECURSION = YES;
				CLANG_WARN_INT_CONVERSION = YES;
				CLANG_WARN_NON_LITERAL_NULL_CONVERSION = YES;
				CLANG_WARN_OBJC_IMPLICIT_RETAIN_SELF = YES;
				CLANG_WARN_OBJC_LITERAL_CONVERSION = YES;
				CLANG_WARN_OBJC_ROOT_CLASS = YES_ERROR;
				CLANG_WARN_RANGE_LOOP_ANALYSIS = YES;
				CLANG_WARN_STRICT_PROTOTYPES = YES;
				CLANG_WARN_SUSPICIOUS_MOVE = YES;
				CLANG_WARN_UNGUARDED_AVAILABILITY = YES_AGGRESSIVE;
				CLANG_WARN_UNREACHABLE_CODE = YES;
				CLANG_WARN__DUPLICATE_METHOD_MATCH = YES;
				CODE_SIGN_IDENTITY = "iPhone Developer";
				COPY_PHASE_STRIP = NO;
				DEBUG_INFORMATION_FORMAT = "dwarf-with-dsym";
				ENABLE_NS_ASSERTIONS = NO;
				ENABLE_STRICT_OBJC_MSGSEND = YES;
				GCC_C_LANGUAGE_STANDARD = gnu11;
				GCC_NO_COMMON_BLOCKS = YES;
				GCC_WARN_64_TO_32_BIT_CONVERSION = YES;
				GCC_WARN_ABOUT_RETURN_TYPE = YES_ERROR;
				GCC_WARN_UNDECLARED_SELECTOR = YES;
				GCC_WARN_UNINITIALIZED_AUTOS = YES_AGGRESSIVE;
				GCC_WARN_UNUSED_FUNCTION = YES;
				GCC_WARN_UNUSED_VARIABLE = YES;
				IPHONEOS_DEPLOYMENT_TARGET = 11.3;
				MTL_ENABLE_DEBUG_INFO = NO;
				SDKROOT = iphoneos;
				VALIDATE_PRODUCT = YES;
			};
			name = Release;
		};
		6AE53E0A20AEA2BD00075DC6 /* Debug */ = {
			isa = XCBuildConfiguration;
			baseConfigurationReference = 49A74CC7577DE2B3D65D55F3 /* Pods-ISGHttpClient.debug.xcconfig */;
			buildSettings = {
				ASSETCATALOG_COMPILER_APPICON_NAME = AppIcon;
				CODE_SIGN_STYLE = Automatic;
				INFOPLIST_FILE = ISGHttpClient/Info.plist;
				LD_RUNPATH_SEARCH_PATHS = (
					"$(inherited)",
					"@executable_path/Frameworks",
				);
				PRODUCT_BUNDLE_IDENTIFIER = com.isaac.ISGHttpClient;
				PRODUCT_NAME = "$(TARGET_NAME)";
				TARGETED_DEVICE_FAMILY = "1,2";
			};
			name = Debug;
		};
		6AE53E0B20AEA2BD00075DC6 /* Release */ = {
			isa = XCBuildConfiguration;
			baseConfigurationReference = 90D5B02DD7583E02777B4400 /* Pods-ISGHttpClient.release.xcconfig */;
			buildSettings = {
				ASSETCATALOG_COMPILER_APPICON_NAME = AppIcon;
				CODE_SIGN_STYLE = Automatic;
				INFOPLIST_FILE = ISGHttpClient/Info.plist;
				LD_RUNPATH_SEARCH_PATHS = (
					"$(inherited)",
					"@executable_path/Frameworks",
				);
				PRODUCT_BUNDLE_IDENTIFIER = com.isaac.ISGHttpClient;
				PRODUCT_NAME = "$(TARGET_NAME)";
				TARGETED_DEVICE_FAMILY = "1,2";
			};
			name = Release;
		};
/* End XCBuildConfiguration section */

/* Begin XCConfigurationList section */
		6AE53DEE20AEA2BB00075DC6 /* Build configuration list for PBXProject "ISGHttpClient" */ = {
			isa = XCConfigurationList;
			buildConfigurations = (
				6AE53E0720AEA2BD00075DC6 /* Debug */,
				6AE53E0820AEA2BD00075DC6 /* Release */,
			);
			defaultConfigurationIsVisible = 0;
			defaultConfigurationName = Release;
		};
		6AE53E0920AEA2BD00075DC6 /* Build configuration list for PBXNativeTarget "ISGHttpClient" */ = {
			isa = XCConfigurationList;
			buildConfigurations = (
				6AE53E0A20AEA2BD00075DC6 /* Debug */,
				6AE53E0B20AEA2BD00075DC6 /* Release */,
			);
			defaultConfigurationIsVisible = 0;
			defaultConfigurationName = Release;
		};
/* End XCConfigurationList section */
	};
	rootObject = 6AE53DEB20AEA2BB00075DC6 /* Project object */;
}
